// !$*UTF8*$!
{
	archiveVersion = 1;
	classes = {
	};
	objectVersion = 56;
	objects = {

/* Begin PBXBuildFile section */
		881C74E42D4DED1F00318D2F /* DataController.swift in Sources */ = {isa = PBXBuildFile; fileRef = 881C74E32D4DED1F00318D2F /* DataController.swift */; };
		88294F172D06EA9900DED23F /* FitimerprototypeApp.swift in Sources */ = {isa = PBXBuildFile; fileRef = 88294F162D06EA9900DED23F /* FitimerprototypeApp.swift */; };
		88294F192D06EA9900DED23F /* HomeView.swift in Sources */ = {isa = PBXBuildFile; fileRef = 88294F182D06EA9900DED23F /* HomeView.swift */; };
		88294F1B2D06EA9A00DED23F /* Assets.xcassets in Resources */ = {isa = PBXBuildFile; fileRef = 88294F1A2D06EA9A00DED23F /* Assets.xcassets */; };
		88294F1E2D06EA9A00DED23F /* Preview Assets.xcassets in Resources */ = {isa = PBXBuildFile; fileRef = 88294F1D2D06EA9A00DED23F /* Preview Assets.xcassets */; };
		88294F262D09AB3A00DED23F /* YouTubeiOSPlayerHelper in Frameworks */ = {isa = PBXBuildFile; productRef = 88294F252D09AB3A00DED23F /* YouTubeiOSPlayerHelper */; };
		882DE9822D48ADA9001A6E5C /* PersistenceController.swift in Sources */ = {isa = PBXBuildFile; fileRef = 882DE9812D48ADA9001A6E5C /* PersistenceController.swift */; };
		882DE9862D48B1DD001A6E5C /* AddExerciseView.swift in Sources */ = {isa = PBXBuildFile; fileRef = 882DE9852D48B1DD001A6E5C /* AddExerciseView.swift */; };
		882DE9892D48B399001A6E5C /* TimeFormatting.swift in Sources */ = {isa = PBXBuildFile; fileRef = 882DE9882D48B399001A6E5C /* TimeFormatting.swift */; };
		882DE98B2D4A1D73001A6E5C /* EditExerciseView.swift in Sources */ = {isa = PBXBuildFile; fileRef = 882DE98A2D4A1D73001A6E5C /* EditExerciseView.swift */; };
		882DE98D2D4A2AFF001A6E5C /* WorkoutDetailView.swift in Sources */ = {isa = PBXBuildFile; fileRef = 882DE98C2D4A2AFF001A6E5C /* WorkoutDetailView.swift */; };
		882DE9932D4A45DF001A6E5C /* ExerciseWorkoutModel.xcdatamodeld in Sources */ = {isa = PBXBuildFile; fileRef = 882DE97E2D48A24B001A6E5C /* ExerciseWorkoutModel.xcdatamodeld */; };
		882DE99F2D4A6C99001A6E5C /* EditWorkoutNameView.swift in Sources */ = {isa = PBXBuildFile; fileRef = 882DE99E2D4A6C99001A6E5C /* EditWorkoutNameView.swift */; };
		886098932D47536D00FB29FC /* exerciseData.json in Resources */ = {isa = PBXBuildFile; fileRef = 886098922D47536D00FB29FC /* exerciseData.json */; };
		8882B1A92D4E140300A87781 /* Workout+CoreDataClass.swift in Sources */ = {isa = PBXBuildFile; fileRef = 8882B1A52D4E140300A87781 /* Workout+CoreDataClass.swift */; };
		8882B1AA2D4E140300A87781 /* Workout+CoreDataProperties.swift in Sources */ = {isa = PBXBuildFile; fileRef = 8882B1A62D4E140300A87781 /* Workout+CoreDataProperties.swift */; };
		8882B1AB2D4E140300A87781 /* Exercise+CoreDataClass.swift in Sources */ = {isa = PBXBuildFile; fileRef = 8882B1A72D4E140300A87781 /* Exercise+CoreDataClass.swift */; };
		8882B1AC2D4E140300A87781 /* Exercise+CoreDataProperties.swift in Sources */ = {isa = PBXBuildFile; fileRef = 8882B1A82D4E140300A87781 /* Exercise+CoreDataProperties.swift */; };
		8882B1AF2D4E2C0B00A87781 /* CustomTabBar.swift in Sources */ = {isa = PBXBuildFile; fileRef = 8882B1AE2D4E2C0B00A87781 /* CustomTabBar.swift */; };
		8882B1B12D4F20EB00A87781 /* WorkoutListView.swift in Sources */ = {isa = PBXBuildFile; fileRef = 8882B1B02D4F20EB00A87781 /* WorkoutListView.swift */; };
		8882B1B32D4F230C00A87781 /* SettingsView.swift in Sources */ = {isa = PBXBuildFile; fileRef = 8882B1B22D4F230C00A87781 /* SettingsView.swift */; };
		8882B1B52D4F23C600A87781 /* RevenueCatView.swift in Sources */ = {isa = PBXBuildFile; fileRef = 8882B1B42D4F23C600A87781 /* RevenueCatView.swift */; };
		8882B1B72D4F2BE000A87781 /* AddWorkoutView.swift in Sources */ = {isa = PBXBuildFile; fileRef = 8882B1B62D4F2BE000A87781 /* AddWorkoutView.swift */; };
		8882B1B92D4F4CA500A87781 /* demoRootView.swift in Sources */ = {isa = PBXBuildFile; fileRef = 8882B1B82D4F4CA500A87781 /* demoRootView.swift */; };
		8882B1BB2D4F4EAD00A87781 /* TabBarButton.swift in Sources */ = {isa = PBXBuildFile; fileRef = 8882B1BA2D4F4EAD00A87781 /* TabBarButton.swift */; };
		8882B1BD2D4F7CE400A87781 /* QuickTimerView.swift in Sources */ = {isa = PBXBuildFile; fileRef = 8882B1BC2D4F7CE400A87781 /* QuickTimerView.swift */; };
		8882B1BF2D4F8EE300A87781 /* AddQuickTimerView.swift in Sources */ = {isa = PBXBuildFile; fileRef = 8882B1BE2D4F8EE300A87781 /* AddQuickTimerView.swift */; };
		889521852D4787D600134C48 /* ExerciseLibraryView.swift in Sources */ = {isa = PBXBuildFile; fileRef = 889521842D4787D600134C48 /* ExerciseLibraryView.swift */; };
		889521872D489C4100134C48 /* TimerView.swift in Sources */ = {isa = PBXBuildFile; fileRef = 889521862D489C4100134C48 /* TimerView.swift */; };
		88B87EDC2D4BC94300C84D43 /* Timer-ViewModelExt.swift in Sources */ = {isa = PBXBuildFile; fileRef = 88B87EDB2D4BC94300C84D43 /* Timer-ViewModelExt.swift */; };
/* End PBXBuildFile section */

/* Begin PBXFileReference section */
		881C74E32D4DED1F00318D2F /* DataController.swift */ = {isa = PBXFileReference; lastKnownFileType = sourcecode.swift; path = DataController.swift; sourceTree = "<group>"; };
		88294F132D06EA9900DED23F /* Fitimerprototype.app */ = {isa = PBXFileReference; explicitFileType = wrapper.application; includeInIndex = 0; path = Fitimerprototype.app; sourceTree = BUILT_PRODUCTS_DIR; };
		88294F162D06EA9900DED23F /* FitimerprototypeApp.swift */ = {isa = PBXFileReference; lastKnownFileType = sourcecode.swift; path = FitimerprototypeApp.swift; sourceTree = "<group>"; };
		88294F182D06EA9900DED23F /* HomeView.swift */ = {isa = PBXFileReference; lastKnownFileType = sourcecode.swift; path = HomeView.swift; sourceTree = "<group>"; };
		88294F1A2D06EA9A00DED23F /* Assets.xcassets */ = {isa = PBXFileReference; lastKnownFileType = folder.assetcatalog; path = Assets.xcassets; sourceTree = "<group>"; };
		88294F1D2D06EA9A00DED23F /* Preview Assets.xcassets */ = {isa = PBXFileReference; lastKnownFileType = folder.assetcatalog; path = "Preview Assets.xcassets"; sourceTree = "<group>"; };
		882DE97F2D48A24B001A6E5C /* Model.xcdatamodel */ = {isa = PBXFileReference; lastKnownFileType = wrapper.xcdatamodel; path = Model.xcdatamodel; sourceTree = "<group>"; };
		882DE9812D48ADA9001A6E5C /* PersistenceController.swift */ = {isa = PBXFileReference; lastKnownFileType = sourcecode.swift; path = PersistenceController.swift; sourceTree = "<group>"; };
		882DE9852D48B1DD001A6E5C /* AddExerciseView.swift */ = {isa = PBXFileReference; lastKnownFileType = sourcecode.swift; path = AddExerciseView.swift; sourceTree = "<group>"; };
		882DE9882D48B399001A6E5C /* TimeFormatting.swift */ = {isa = PBXFileReference; lastKnownFileType = sourcecode.swift; path = TimeFormatting.swift; sourceTree = "<group>"; };
		882DE98A2D4A1D73001A6E5C /* EditExerciseView.swift */ = {isa = PBXFileReference; lastKnownFileType = sourcecode.swift; path = EditExerciseView.swift; sourceTree = "<group>"; };
		882DE98C2D4A2AFF001A6E5C /* WorkoutDetailView.swift */ = {isa = PBXFileReference; lastKnownFileType = sourcecode.swift; path = WorkoutDetailView.swift; sourceTree = "<group>"; };
		882DE99E2D4A6C99001A6E5C /* EditWorkoutNameView.swift */ = {isa = PBXFileReference; lastKnownFileType = sourcecode.swift; path = EditWorkoutNameView.swift; sourceTree = "<group>"; };
		886098922D47536D00FB29FC /* exerciseData.json */ = {isa = PBXFileReference; lastKnownFileType = text.json; path = exerciseData.json; sourceTree = "<group>"; };
		8882B1A52D4E140300A87781 /* Workout+CoreDataClass.swift */ = {isa = PBXFileReference; lastKnownFileType = sourcecode.swift; path = "Workout+CoreDataClass.swift"; sourceTree = "<group>"; };
		8882B1A62D4E140300A87781 /* Workout+CoreDataProperties.swift */ = {isa = PBXFileReference; lastKnownFileType = sourcecode.swift; path = "Workout+CoreDataProperties.swift"; sourceTree = "<group>"; };
		8882B1A72D4E140300A87781 /* Exercise+CoreDataClass.swift */ = {isa = PBXFileReference; lastKnownFileType = sourcecode.swift; path = "Exercise+CoreDataClass.swift"; sourceTree = "<group>"; };
		8882B1A82D4E140300A87781 /* Exercise+CoreDataProperties.swift */ = {isa = PBXFileReference; lastKnownFileType = sourcecode.swift; path = "Exercise+CoreDataProperties.swift"; sourceTree = "<group>"; };
		8882B1AE2D4E2C0B00A87781 /* CustomTabBar.swift */ = {isa = PBXFileReference; lastKnownFileType = sourcecode.swift; path = CustomTabBar.swift; sourceTree = "<group>"; };
		8882B1B02D4F20EB00A87781 /* WorkoutListView.swift */ = {isa = PBXFileReference; lastKnownFileType = sourcecode.swift; path = WorkoutListView.swift; sourceTree = "<group>"; };
		8882B1B22D4F230C00A87781 /* SettingsView.swift */ = {isa = PBXFileReference; lastKnownFileType = sourcecode.swift; path = SettingsView.swift; sourceTree = "<group>"; };
		8882B1B42D4F23C600A87781 /* RevenueCatView.swift */ = {isa = PBXFileReference; lastKnownFileType = sourcecode.swift; path = RevenueCatView.swift; sourceTree = "<group>"; };
		8882B1B62D4F2BE000A87781 /* AddWorkoutView.swift */ = {isa = PBXFileReference; lastKnownFileType = sourcecode.swift; path = AddWorkoutView.swift; sourceTree = "<group>"; };
		8882B1B82D4F4CA500A87781 /* demoRootView.swift */ = {isa = PBXFileReference; lastKnownFileType = sourcecode.swift; path = demoRootView.swift; sourceTree = "<group>"; };
		8882B1BA2D4F4EAD00A87781 /* TabBarButton.swift */ = {isa = PBXFileReference; lastKnownFileType = sourcecode.swift; path = TabBarButton.swift; sourceTree = "<group>"; };
		8882B1BC2D4F7CE400A87781 /* QuickTimerView.swift */ = {isa = PBXFileReference; lastKnownFileType = sourcecode.swift; path = QuickTimerView.swift; sourceTree = "<group>"; };
		8882B1BE2D4F8EE300A87781 /* AddQuickTimerView.swift */ = {isa = PBXFileReference; lastKnownFileType = sourcecode.swift; path = AddQuickTimerView.swift; sourceTree = "<group>"; };
		889521842D4787D600134C48 /* ExerciseLibraryView.swift */ = {isa = PBXFileReference; lastKnownFileType = sourcecode.swift; path = ExerciseLibraryView.swift; sourceTree = "<group>"; };
		889521862D489C4100134C48 /* TimerView.swift */ = {isa = PBXFileReference; lastKnownFileType = sourcecode.swift; path = TimerView.swift; sourceTree = "<group>"; };
		88B87EDB2D4BC94300C84D43 /* Timer-ViewModelExt.swift */ = {isa = PBXFileReference; lastKnownFileType = sourcecode.swift; path = "Timer-ViewModelExt.swift"; sourceTree = "<group>"; };
/* End PBXFileReference section */

/* Begin PBXFrameworksBuildPhase section */
		88294F102D06EA9900DED23F /* Frameworks */ = {
			isa = PBXFrameworksBuildPhase;
			buildActionMask = 2147483647;
			files = (
				88294F262D09AB3A00DED23F /* YouTubeiOSPlayerHelper in Frameworks */,
			);
			runOnlyForDeploymentPostprocessing = 0;
		};
/* End PBXFrameworksBuildPhase section */

/* Begin PBXGroup section */
		88294F0A2D06EA9900DED23F = {
			isa = PBXGroup;
			children = (
				88294F152D06EA9900DED23F /* Fitimerprototype */,
				88294F142D06EA9900DED23F /* Products */,
			);
			sourceTree = "<group>";
		};
		88294F142D06EA9900DED23F /* Products */ = {
			isa = PBXGroup;
			children = (
				88294F132D06EA9900DED23F /* Fitimerprototype.app */,
			);
			name = Products;
			sourceTree = "<group>";
		};
		88294F152D06EA9900DED23F /* Fitimerprototype */ = {
			isa = PBXGroup;
			children = (
				88294F162D06EA9900DED23F /* FitimerprototypeApp.swift */,
				882DE9872D48B376001A6E5C /* Helpers */,
				889521822D47875E00134C48 /* Views */,
				889521832D47876400134C48 /* Model */,
				889521812D47874100134C48 /* Resources */,
				88294F1A2D06EA9A00DED23F /* Assets.xcassets */,
				88294F1C2D06EA9A00DED23F /* Preview Content */,
			);
			path = Fitimerprototype;
			sourceTree = "<group>";
		};
		88294F1C2D06EA9A00DED23F /* Preview Content */ = {
			isa = PBXGroup;
			children = (
				88294F1D2D06EA9A00DED23F /* Preview Assets.xcassets */,
			);
			path = "Preview Content";
			sourceTree = "<group>";
		};
		882DE9872D48B376001A6E5C /* Helpers */ = {
			isa = PBXGroup;
			children = (
				882DE9882D48B399001A6E5C /* TimeFormatting.swift */,
			);
			path = Helpers;
			sourceTree = "<group>";
		};
		8882B1AD2D4E2BF100A87781 /* Custom Tab Bar */ = {
			isa = PBXGroup;
			children = (
				8882B1AE2D4E2C0B00A87781 /* CustomTabBar.swift */,
				8882B1BA2D4F4EAD00A87781 /* TabBarButton.swift */,
			);
			path = "Custom Tab Bar";
			sourceTree = "<group>";
		};
		889521812D47874100134C48 /* Resources */ = {
			isa = PBXGroup;
			children = (
				886098922D47536D00FB29FC /* exerciseData.json */,
			);
			path = Resources;
			sourceTree = "<group>";
		};
		889521822D47875E00134C48 /* Views */ = {
			isa = PBXGroup;
			children = (
				8882B1AD2D4E2BF100A87781 /* Custom Tab Bar */,
				88294F182D06EA9900DED23F /* HomeView.swift */,
				8882B1B02D4F20EB00A87781 /* WorkoutListView.swift */,
				8882B1B62D4F2BE000A87781 /* AddWorkoutView.swift */,
				889521842D4787D600134C48 /* ExerciseLibraryView.swift */,
				882DE98C2D4A2AFF001A6E5C /* WorkoutDetailView.swift */,
				882DE99E2D4A6C99001A6E5C /* EditWorkoutNameView.swift */,
				882DE9852D48B1DD001A6E5C /* AddExerciseView.swift */,
				882DE98A2D4A1D73001A6E5C /* EditExerciseView.swift */,
				8882B1BC2D4F7CE400A87781 /* QuickTimerView.swift */,
				8882B1BE2D4F8EE300A87781 /* AddQuickTimerView.swift */,
				889521862D489C4100134C48 /* TimerView.swift */,
				88B87EDB2D4BC94300C84D43 /* Timer-ViewModelExt.swift */,
				8882B1B42D4F23C600A87781 /* RevenueCatView.swift */,
				8882B1B22D4F230C00A87781 /* SettingsView.swift */,
				8882B1B82D4F4CA500A87781 /* demoRootView.swift */,
			);
			path = Views;
			sourceTree = "<group>";
		};
		889521832D47876400134C48 /* Model */ = {
			isa = PBXGroup;
			children = (
				8882B1A52D4E140300A87781 /* Workout+CoreDataClass.swift */,
				8882B1A62D4E140300A87781 /* Workout+CoreDataProperties.swift */,
				8882B1A72D4E140300A87781 /* Exercise+CoreDataClass.swift */,
				8882B1A82D4E140300A87781 /* Exercise+CoreDataProperties.swift */,
				882DE97E2D48A24B001A6E5C /* ExerciseWorkoutModel.xcdatamodeld */,
				882DE9812D48ADA9001A6E5C /* PersistenceController.swift */,
				881C74E32D4DED1F00318D2F /* DataController.swift */,
			);
			path = Model;
			sourceTree = "<group>";
		};
/* End PBXGroup section */

/* Begin PBXNativeTarget section */
		88294F122D06EA9900DED23F /* Fitimerprototype */ = {
			isa = PBXNativeTarget;
			buildConfigurationList = 88294F212D06EA9A00DED23F /* Build configuration list for PBXNativeTarget "Fitimerprototype" */;
			buildPhases = (
				88294F0F2D06EA9900DED23F /* Sources */,
				88294F102D06EA9900DED23F /* Frameworks */,
				88294F112D06EA9900DED23F /* Resources */,
			);
			buildRules = (
			);
			dependencies = (
			);
			name = Fitimerprototype;
			packageProductDependencies = (
				88294F252D09AB3A00DED23F /* YouTubeiOSPlayerHelper */,
			);
			productName = Fitimerprototype;
			productReference = 88294F132D06EA9900DED23F /* Fitimerprototype.app */;
			productType = "com.apple.product-type.application";
		};
/* End PBXNativeTarget section */

/* Begin PBXProject section */
		88294F0B2D06EA9900DED23F /* Project object */ = {
			isa = PBXProject;
			attributes = {
				BuildIndependentTargetsInParallel = 1;
				LastSwiftUpdateCheck = 1430;
				LastUpgradeCheck = 1430;
				TargetAttributes = {
					88294F122D06EA9900DED23F = {
						CreatedOnToolsVersion = 14.3.1;
					};
				};
			};
			buildConfigurationList = 88294F0E2D06EA9900DED23F /* Build configuration list for PBXProject "Fitimerprototype" */;
			compatibilityVersion = "Xcode 14.0";
			developmentRegion = en;
			hasScannedForEncodings = 0;
			knownRegions = (
				en,
				Base,
			);
			mainGroup = 88294F0A2D06EA9900DED23F;
			packageReferences = (
				88294F242D09AB3900DED23F /* XCRemoteSwiftPackageReference "youtube-ios-player-helper" */,
			);
			productRefGroup = 88294F142D06EA9900DED23F /* Products */;
			projectDirPath = "";
			projectRoot = "";
			targets = (
				88294F122D06EA9900DED23F /* Fitimerprototype */,
			);
		};
/* End PBXProject section */

/* Begin PBXResourcesBuildPhase section */
		88294F112D06EA9900DED23F /* Resources */ = {
			isa = PBXResourcesBuildPhase;
			buildActionMask = 2147483647;
			files = (
				886098932D47536D00FB29FC /* exerciseData.json in Resources */,
				88294F1E2D06EA9A00DED23F /* Preview Assets.xcassets in Resources */,
				88294F1B2D06EA9A00DED23F /* Assets.xcassets in Resources */,
			);
			runOnlyForDeploymentPostprocessing = 0;
		};
/* End PBXResourcesBuildPhase section */

/* Begin PBXSourcesBuildPhase section */
		88294F0F2D06EA9900DED23F /* Sources */ = {
			isa = PBXSourcesBuildPhase;
			buildActionMask = 2147483647;
			files = (
				889521872D489C4100134C48 /* TimerView.swift in Sources */,
				882DE98B2D4A1D73001A6E5C /* EditExerciseView.swift in Sources */,
				8882B1AC2D4E140300A87781 /* Exercise+CoreDataProperties.swift in Sources */,
				8882B1B52D4F23C600A87781 /* RevenueCatView.swift in Sources */,
				8882B1BF2D4F8EE300A87781 /* AddQuickTimerView.swift in Sources */,
				8882B1B92D4F4CA500A87781 /* demoRootView.swift in Sources */,
				8882B1BB2D4F4EAD00A87781 /* TabBarButton.swift in Sources */,
				882DE98D2D4A2AFF001A6E5C /* WorkoutDetailView.swift in Sources */,
				8882B1AF2D4E2C0B00A87781 /* CustomTabBar.swift in Sources */,
				8882B1B32D4F230C00A87781 /* SettingsView.swift in Sources */,
				8882B1AB2D4E140300A87781 /* Exercise+CoreDataClass.swift in Sources */,
				88B87EDC2D4BC94300C84D43 /* Timer-ViewModelExt.swift in Sources */,
				882DE9892D48B399001A6E5C /* TimeFormatting.swift in Sources */,
				889521852D4787D600134C48 /* ExerciseLibraryView.swift in Sources */,
				8882B1AA2D4E140300A87781 /* Workout+CoreDataProperties.swift in Sources */,
				8882B1B12D4F20EB00A87781 /* WorkoutListView.swift in Sources */,
				8882B1BD2D4F7CE400A87781 /* QuickTimerView.swift in Sources */,
				882DE9932D4A45DF001A6E5C /* ExerciseWorkoutModel.xcdatamodeld in Sources */,
				8882B1B72D4F2BE000A87781 /* AddWorkoutView.swift in Sources */,
				8882B1A92D4E140300A87781 /* Workout+CoreDataClass.swift in Sources */,
				88294F192D06EA9900DED23F /* HomeView.swift in Sources */,
				881C74E42D4DED1F00318D2F /* DataController.swift in Sources */,
				882DE99F2D4A6C99001A6E5C /* EditWorkoutNameView.swift in Sources */,
				882DE9862D48B1DD001A6E5C /* AddExerciseView.swift in Sources */,
				882DE9822D48ADA9001A6E5C /* PersistenceController.swift in Sources */,
				88294F172D06EA9900DED23F /* FitimerprototypeApp.swift in Sources */,
			);
			runOnlyForDeploymentPostprocessing = 0;
		};
/* End PBXSourcesBuildPhase section */

/* Begin XCBuildConfiguration section */
		88294F1F2D06EA9A00DED23F /* Debug */ = {
			isa = XCBuildConfiguration;
			buildSettings = {
				ALWAYS_SEARCH_USER_PATHS = NO;
				CLANG_ANALYZER_NONNULL = YES;
				CLANG_ANALYZER_NUMBER_OBJECT_CONVERSION = YES_AGGRESSIVE;
				CLANG_CXX_LANGUAGE_STANDARD = "gnu++20";
				CLANG_ENABLE_MODULES = YES;
				CLANG_ENABLE_OBJC_ARC = YES;
				CLANG_ENABLE_OBJC_WEAK = YES;
				CLANG_WARN_BLOCK_CAPTURE_AUTORELEASING = YES;
				CLANG_WARN_BOOL_CONVERSION = YES;
				CLANG_WARN_COMMA = YES;
				CLANG_WARN_CONSTANT_CONVERSION = YES;
				CLANG_WARN_DEPRECATED_OBJC_IMPLEMENTATIONS = YES;
				CLANG_WARN_DIRECT_OBJC_ISA_USAGE = YES_ERROR;
				CLANG_WARN_DOCUMENTATION_COMMENTS = YES;
				CLANG_WARN_EMPTY_BODY = YES;
				CLANG_WARN_ENUM_CONVERSION = YES;
				CLANG_WARN_INFINITE_RECURSION = YES;
				CLANG_WARN_INT_CONVERSION = YES;
				CLANG_WARN_NON_LITERAL_NULL_CONVERSION = YES;
				CLANG_WARN_OBJC_IMPLICIT_RETAIN_SELF = YES;
				CLANG_WARN_OBJC_LITERAL_CONVERSION = YES;
				CLANG_WARN_OBJC_ROOT_CLASS = YES_ERROR;
				CLANG_WARN_QUOTED_INCLUDE_IN_FRAMEWORK_HEADER = YES;
				CLANG_WARN_RANGE_LOOP_ANALYSIS = YES;
				CLANG_WARN_STRICT_PROTOTYPES = YES;
				CLANG_WARN_SUSPICIOUS_MOVE = YES;
				CLANG_WARN_UNGUARDED_AVAILABILITY = YES_AGGRESSIVE;
				CLANG_WARN_UNREACHABLE_CODE = YES;
				CLANG_WARN__DUPLICATE_METHOD_MATCH = YES;
				COPY_PHASE_STRIP = NO;
				DEBUG_INFORMATION_FORMAT = dwarf;
				ENABLE_STRICT_OBJC_MSGSEND = YES;
				ENABLE_TESTABILITY = YES;
				GCC_C_LANGUAGE_STANDARD = gnu11;
				GCC_DYNAMIC_NO_PIC = NO;
				GCC_NO_COMMON_BLOCKS = YES;
				GCC_OPTIMIZATION_LEVEL = 0;
				GCC_PREPROCESSOR_DEFINITIONS = (
					"DEBUG=1",
					"$(inherited)",
				);
				GCC_WARN_64_TO_32_BIT_CONVERSION = YES;
				GCC_WARN_ABOUT_RETURN_TYPE = YES_ERROR;
				GCC_WARN_UNDECLARED_SELECTOR = YES;
				GCC_WARN_UNINITIALIZED_AUTOS = YES_AGGRESSIVE;
				GCC_WARN_UNUSED_FUNCTION = YES;
				GCC_WARN_UNUSED_VARIABLE = YES;
				IPHONEOS_DEPLOYMENT_TARGET = 16.4;
				MTL_ENABLE_DEBUG_INFO = INCLUDE_SOURCE;
				MTL_FAST_MATH = YES;
				ONLY_ACTIVE_ARCH = YES;
				SDKROOT = iphoneos;
				SWIFT_ACTIVE_COMPILATION_CONDITIONS = DEBUG;
				SWIFT_OPTIMIZATION_LEVEL = "-Onone";
			};
			name = Debug;
		};
		88294F202D06EA9A00DED23F /* Release */ = {
			isa = XCBuildConfiguration;
			buildSettings = {
				ALWAYS_SEARCH_USER_PATHS = NO;
				CLANG_ANALYZER_NONNULL = YES;
				CLANG_ANALYZER_NUMBER_OBJECT_CONVERSION = YES_AGGRESSIVE;
				CLANG_CXX_LANGUAGE_STANDARD = "gnu++20";
				CLANG_ENABLE_MODULES = YES;
				CLANG_ENABLE_OBJC_ARC = YES;
				CLANG_ENABLE_OBJC_WEAK = YES;
				CLANG_WARN_BLOCK_CAPTURE_AUTORELEASING = YES;
				CLANG_WARN_BOOL_CONVERSION = YES;
				CLANG_WARN_COMMA = YES;
				CLANG_WARN_CONSTANT_CONVERSION = YES;
				CLANG_WARN_DEPRECATED_OBJC_IMPLEMENTATIONS = YES;
				CLANG_WARN_DIRECT_OBJC_ISA_USAGE = YES_ERROR;
				CLANG_WARN_DOCUMENTATION_COMMENTS = YES;
				CLANG_WARN_EMPTY_BODY = YES;
				CLANG_WARN_ENUM_CONVERSION = YES;
				CLANG_WARN_INFINITE_RECURSION = YES;
				CLANG_WARN_INT_CONVERSION = YES;
				CLANG_WARN_NON_LITERAL_NULL_CONVERSION = YES;
				CLANG_WARN_OBJC_IMPLICIT_RETAIN_SELF = YES;
				CLANG_WARN_OBJC_LITERAL_CONVERSION = YES;
				CLANG_WARN_OBJC_ROOT_CLASS = YES_ERROR;
				CLANG_WARN_QUOTED_INCLUDE_IN_FRAMEWORK_HEADER = YES;
				CLANG_WARN_RANGE_LOOP_ANALYSIS = YES;
				CLANG_WARN_STRICT_PROTOTYPES = YES;
				CLANG_WARN_SUSPICIOUS_MOVE = YES;
				CLANG_WARN_UNGUARDED_AVAILABILITY = YES_AGGRESSIVE;
				CLANG_WARN_UNREACHABLE_CODE = YES;
				CLANG_WARN__DUPLICATE_METHOD_MATCH = YES;
				COPY_PHASE_STRIP = NO;
				DEBUG_INFORMATION_FORMAT = "dwarf-with-dsym";
				ENABLE_NS_ASSERTIONS = NO;
				ENABLE_STRICT_OBJC_MSGSEND = YES;
				GCC_C_LANGUAGE_STANDARD = gnu11;
				GCC_NO_COMMON_BLOCKS = YES;
				GCC_WARN_64_TO_32_BIT_CONVERSION = YES;
				GCC_WARN_ABOUT_RETURN_TYPE = YES_ERROR;
				GCC_WARN_UNDECLARED_SELECTOR = YES;
				GCC_WARN_UNINITIALIZED_AUTOS = YES_AGGRESSIVE;
				GCC_WARN_UNUSED_FUNCTION = YES;
				GCC_WARN_UNUSED_VARIABLE = YES;
				IPHONEOS_DEPLOYMENT_TARGET = 16.4;
				MTL_ENABLE_DEBUG_INFO = NO;
				MTL_FAST_MATH = YES;
				SDKROOT = iphoneos;
				SWIFT_COMPILATION_MODE = wholemodule;
				SWIFT_OPTIMIZATION_LEVEL = "-O";
				VALIDATE_PRODUCT = YES;
			};
			name = Release;
		};
		88294F222D06EA9A00DED23F /* Debug */ = {
			isa = XCBuildConfiguration;
			buildSettings = {
				ASSETCATALOG_COMPILER_APPICON_NAME = AppIcon;
				ASSETCATALOG_COMPILER_GLOBAL_ACCENT_COLOR_NAME = AccentColor;
				CODE_SIGN_STYLE = Automatic;
				CURRENT_PROJECT_VERSION = 1;
				DEVELOPMENT_ASSET_PATHS = "\"Fitimerprototype/Preview Content\"";
				DEVELOPMENT_TEAM = 34NPK5XNL9;
				ENABLE_PREVIEWS = YES;
				GENERATE_INFOPLIST_FILE = YES;
				INFOPLIST_KEY_UIApplicationSceneManifest_Generation = YES;
				INFOPLIST_KEY_UIApplicationSupportsIndirectInputEvents = YES;
				INFOPLIST_KEY_UILaunchScreen_Generation = YES;
				INFOPLIST_KEY_UISupportedInterfaceOrientations_iPad = "UIInterfaceOrientationPortrait UIInterfaceOrientationPortraitUpsideDown UIInterfaceOrientationLandscapeLeft UIInterfaceOrientationLandscapeRight";
				INFOPLIST_KEY_UISupportedInterfaceOrientations_iPhone = "UIInterfaceOrientationPortrait UIInterfaceOrientationLandscapeLeft UIInterfaceOrientationLandscapeRight";
				LD_RUNPATH_SEARCH_PATHS = (
					"$(inherited)",
					"@executable_path/Frameworks",
				);
				MARKETING_VERSION = 1.0;
				PRODUCT_BUNDLE_IDENTIFIER = cook.amanda.Fitimerprototype;
				PRODUCT_NAME = "$(TARGET_NAME)";
				SWIFT_EMIT_LOC_STRINGS = YES;
				SWIFT_VERSION = 5.0;
				TARGETED_DEVICE_FAMILY = "1,2";
			};
			name = Debug;
		};
		88294F232D06EA9A00DED23F /* Release */ = {
			isa = XCBuildConfiguration;
			buildSettings = {
				ASSETCATALOG_COMPILER_APPICON_NAME = AppIcon;
				ASSETCATALOG_COMPILER_GLOBAL_ACCENT_COLOR_NAME = AccentColor;
				CODE_SIGN_STYLE = Automatic;
				CURRENT_PROJECT_VERSION = 1;
				DEVELOPMENT_ASSET_PATHS = "\"Fitimerprototype/Preview Content\"";
				DEVELOPMENT_TEAM = 34NPK5XNL9;
				ENABLE_PREVIEWS = YES;
				GENERATE_INFOPLIST_FILE = YES;
				INFOPLIST_KEY_UIApplicationSceneManifest_Generation = YES;
				INFOPLIST_KEY_UIApplicationSupportsIndirectInputEvents = YES;
				INFOPLIST_KEY_UILaunchScreen_Generation = YES;
				INFOPLIST_KEY_UISupportedInterfaceOrientations_iPad = "UIInterfaceOrientationPortrait UIInterfaceOrientationPortraitUpsideDown UIInterfaceOrientationLandscapeLeft UIInterfaceOrientationLandscapeRight";
				INFOPLIST_KEY_UISupportedInterfaceOrientations_iPhone = "UIInterfaceOrientationPortrait UIInterfaceOrientationLandscapeLeft UIInterfaceOrientationLandscapeRight";
				LD_RUNPATH_SEARCH_PATHS = (
					"$(inherited)",
					"@executable_path/Frameworks",
				);
				MARKETING_VERSION = 1.0;
				PRODUCT_BUNDLE_IDENTIFIER = cook.amanda.Fitimerprototype;
				PRODUCT_NAME = "$(TARGET_NAME)";
				SWIFT_EMIT_LOC_STRINGS = YES;
				SWIFT_VERSION = 5.0;
				TARGETED_DEVICE_FAMILY = "1,2";
			};
			name = Release;
		};
/* End XCBuildConfiguration section */

/* Begin XCConfigurationList section */
		88294F0E2D06EA9900DED23F /* Build configuration list for PBXProject "Fitimerprototype" */ = {
			isa = XCConfigurationList;
			buildConfigurations = (
				88294F1F2D06EA9A00DED23F /* Debug */,
				88294F202D06EA9A00DED23F /* Release */,
			);
			defaultConfigurationIsVisible = 0;
			defaultConfigurationName = Release;
		};
		88294F212D06EA9A00DED23F /* Build configuration list for PBXNativeTarget "Fitimerprototype" */ = {
			isa = XCConfigurationList;
			buildConfigurations = (
				88294F222D06EA9A00DED23F /* Debug */,
				88294F232D06EA9A00DED23F /* Release */,
			);
			defaultConfigurationIsVisible = 0;
			defaultConfigurationName = Release;
		};
/* End XCConfigurationList section */

/* Begin XCRemoteSwiftPackageReference section */
		88294F242D09AB3900DED23F /* XCRemoteSwiftPackageReference "youtube-ios-player-helper" */ = {
			isa = XCRemoteSwiftPackageReference;
			repositoryURL = "https://github.com/youtube/youtube-ios-player-helper.git";
			requirement = {
				kind = upToNextMajorVersion;
				minimumVersion = 1.0.0;
			};
		};
/* End XCRemoteSwiftPackageReference section */

/* Begin XCSwiftPackageProductDependency section */
		88294F252D09AB3A00DED23F /* YouTubeiOSPlayerHelper */ = {
			isa = XCSwiftPackageProductDependency;
			package = 88294F242D09AB3900DED23F /* XCRemoteSwiftPackageReference "youtube-ios-player-helper" */;
			productName = YouTubeiOSPlayerHelper;
		};
/* End XCSwiftPackageProductDependency section */

/* Begin XCVersionGroup section */
		882DE97E2D48A24B001A6E5C /* ExerciseWorkoutModel.xcdatamodeld */ = {
			isa = XCVersionGroup;
			children = (
				882DE97F2D48A24B001A6E5C /* Model.xcdatamodel */,
			);
			currentVersion = 882DE97F2D48A24B001A6E5C /* Model.xcdatamodel */;
			path = ExerciseWorkoutModel.xcdatamodeld;
			sourceTree = "<group>";
			versionGroupType = wrapper.xcdatamodel;
		};
/* End XCVersionGroup section */
	};
	rootObject = 88294F0B2D06EA9900DED23F /* Project object */;
}
